
Microsoft Visual Studio Solution File, Format Version 12.00
# Visual Studio Version 16
VisualStudioVersion = 16.0.30611.23
MinimumVisualStudioVersion = 10.0.40219.1
Project("{8BC9CEB8-8B4A-11D0-8D11-00A0C91BC942}") = "CE_Y1_W9_Lab", "CE_Y1_W9_Lab\CE_Y1_W9_Lab.vcxproj", "{CC8E91BF-2309-43BB-B558-5DABE337E025}"
EndProject
Global
	GlobalSection(SolutionConfigurationPlatforms) = preSolution
		Debug|x64 = Debug|x64
		Debug|x86 = Debug|x86
		Release|x64 = Release|x64
		Release|x86 = Release|x86
	EndGlobalSection
	GlobalSection(ProjectConfigurationPlatforms) = postSolution
		{CC8E91BF-2309-43BB-B558-5DABE337E025}.Debug|x64.ActiveCfg = Debug|x64
		{CC8E91BF-2309-43BB-B558-5DABE337E025}.Debug|x64.Build.0 = Debug|x64
		{CC8E91BF-2309-43BB-B558-5DABE337E025}.Debug|x86.ActiveCfg = Debug|Win32
		{CC8E91BF-2309-43BB-B558-5DABE337E025}.Debug|x86.Build.0 = Debug|Win32
		{CC8E91BF-2309-43BB-B558-5DABE337E025}.Release|x64.ActiveCfg = Release|x64
		{CC8E91BF-2309-43BB-B558-5DABE337E025}.Release|x64.Build.0 = Release|x64
		{CC8E91BF-2309-43BB-B558-5DABE337E025}.Release|x86.ActiveCfg = Release|Win32
		{CC8E91BF-2309-43BB-B558-5DABE337E025}.Release|x86.Build.0 = Release|Win32
	EndGlobalSection
	GlobalSection(SolutionProperties) = preSolution
		HideSolutionNode = FALSE
	EndGlobalSection
	GlobalSection(ExtensibilityGlobals) = postSolution
		SolutionGuid = {AF8AD767-CDFD-4A0D-BBFD-ED1BD340D7EE}
	EndGlobalSection
EndGlobal
